
Microsoft Visual Studio Solution File, Format Version 12.00
# Visual Studio Version 17
VisualStudioVersion = 17.6.33723.286
MinimumVisualStudioVersion = 10.0.40219.1
Project("{FAE04EC0-301F-11D3-BF4B-00C04F79EFBC}") = "Entities", "Entities\Entities.csproj", "{9086C80B-ACF2-47CC-910D-F8E234A3899D}"
EndProject
Project("{FAE04EC0-301F-11D3-BF4B-00C04F79EFBC}") = "DataAccess", "DataAccess\DataAccess.csproj", "{5D94BA67-DD1C-44E2-8803-FAE6E517F609}"
EndProject
Project("{FAE04EC0-301F-11D3-BF4B-00C04F79EFBC}") = "Business", "Business\Business.csproj", "{42D2DF39-1456-4C5B-95A7-C149803D7D57}"
EndProject
Project("{FAE04EC0-301F-11D3-BF4B-00C04F79EFBC}") = "ConsoleUI", "ConsoleUI\ConsoleUI.csproj", "{631C0A1A-A9DC-4E4B-9D9F-B10870883EC5}"
EndProject
Global
	GlobalSection(SolutionConfigurationPlatforms) = preSolution
		Debug|Any CPU = Debug|Any CPU
		Release|Any CPU = Release|Any CPU
	EndGlobalSection
	GlobalSection(ProjectConfigurationPlatforms) = postSolution
		{9086C80B-ACF2-47CC-910D-F8E234A3899D}.Debug|Any CPU.ActiveCfg = Debug|Any CPU
		{9086C80B-ACF2-47CC-910D-F8E234A3899D}.Debug|Any CPU.Build.0 = Debug|Any CPU
		{9086C80B-ACF2-47CC-910D-F8E234A3899D}.Release|Any CPU.ActiveCfg = Release|Any CPU
		{9086C80B-ACF2-47CC-910D-F8E234A3899D}.Release|Any CPU.Build.0 = Release|Any CPU
		{5D94BA67-DD1C-44E2-8803-FAE6E517F609}.Debug|Any CPU.ActiveCfg = Debug|Any CPU
		{5D94BA67-DD1C-44E2-8803-FAE6E517F609}.Debug|Any CPU.Build.0 = Debug|Any CPU
		{5D94BA67-DD1C-44E2-8803-FAE6E517F609}.Release|Any CPU.ActiveCfg = Release|Any CPU
		{5D94BA67-DD1C-44E2-8803-FAE6E517F609}.Release|Any CPU.Build.0 = Release|Any CPU
		{42D2DF39-1456-4C5B-95A7-C149803D7D57}.Debug|Any CPU.ActiveCfg = Debug|Any CPU
		{42D2DF39-1456-4C5B-95A7-C149803D7D57}.Debug|Any CPU.Build.0 = Debug|Any CPU
		{42D2DF39-1456-4C5B-95A7-C149803D7D57}.Release|Any CPU.ActiveCfg = Release|Any CPU
		{42D2DF39-1456-4C5B-95A7-C149803D7D57}.Release|Any CPU.Build.0 = Release|Any CPU
		{631C0A1A-A9DC-4E4B-9D9F-B10870883EC5}.Debug|Any CPU.ActiveCfg = Debug|Any CPU
		{631C0A1A-A9DC-4E4B-9D9F-B10870883EC5}.Debug|Any CPU.Build.0 = Debug|Any CPU
		{631C0A1A-A9DC-4E4B-9D9F-B10870883EC5}.Release|Any CPU.ActiveCfg = Release|Any CPU
		{631C0A1A-A9DC-4E4B-9D9F-B10870883EC5}.Release|Any CPU.Build.0 = Release|Any CPU
	EndGlobalSection
	GlobalSection(SolutionProperties) = preSolution
		HideSolutionNode = FALSE
	EndGlobalSection
	GlobalSection(ExtensibilityGlobals) = postSolution
		SolutionGuid = {9B60ABC2-8BBD-414A-998F-06DC1B8EBB28}
	EndGlobalSection
EndGlobal
